
Microsoft Visual Studio Solution File, Format Version 12.00
# Visual Studio 15
VisualStudioVersion = 15.0.27004.2005
MinimumVisualStudioVersion = 10.0.40219.1
Project("{FAE04EC0-301F-11D3-BF4B-00C04F79EFBC}") = "BtcFishing", "BtcFishing\BtcFishing.csproj", "{43060006-F69E-415F-BE07-120DD097DA4B}"
EndProject
Project("{FAE04EC0-301F-11D3-BF4B-00C04F79EFBC}") = "BtcLib", "BtcLib\BtcLib.csproj", "{F9DC90CC-CD01-4E30-A7F2-A97F75F0B44F}"
EndProject
Project("{FAE04EC0-301F-11D3-BF4B-00C04F79EFBC}") = "BtcFishingUI", "BtcFishingUI\BtcFishingUI.csproj", "{10C4A19D-FE11-4869-AEAD-C11D546541AD}"
EndProject
Global
	GlobalSection(SolutionConfigurationPlatforms) = preSolution
		Debug|Any CPU = Debug|Any CPU
		Release|Any CPU = Release|Any CPU
	EndGlobalSection
	GlobalSection(ProjectConfigurationPlatforms) = postSolution
		{43060006-F69E-415F-BE07-120DD097DA4B}.Debug|Any CPU.ActiveCfg = Debug|Any CPU
		{43060006-F69E-415F-BE07-120DD097DA4B}.Debug|Any CPU.Build.0 = Debug|Any CPU
		{43060006-F69E-415F-BE07-120DD097DA4B}.Release|Any CPU.ActiveCfg = Release|Any CPU
		{43060006-F69E-415F-BE07-120DD097DA4B}.Release|Any CPU.Build.0 = Release|Any CPU
		{F9DC90CC-CD01-4E30-A7F2-A97F75F0B44F}.Debug|Any CPU.ActiveCfg = Debug|Any CPU
		{F9DC90CC-CD01-4E30-A7F2-A97F75F0B44F}.Debug|Any CPU.Build.0 = Debug|Any CPU
		{F9DC90CC-CD01-4E30-A7F2-A97F75F0B44F}.Release|Any CPU.ActiveCfg = Release|Any CPU
		{F9DC90CC-CD01-4E30-A7F2-A97F75F0B44F}.Release|Any CPU.Build.0 = Release|Any CPU
		{10C4A19D-FE11-4869-AEAD-C11D546541AD}.Debug|Any CPU.ActiveCfg = Debug|Any CPU
		{10C4A19D-FE11-4869-AEAD-C11D546541AD}.Debug|Any CPU.Build.0 = Debug|Any CPU
		{10C4A19D-FE11-4869-AEAD-C11D546541AD}.Release|Any CPU.ActiveCfg = Release|Any CPU
		{10C4A19D-FE11-4869-AEAD-C11D546541AD}.Release|Any CPU.Build.0 = Release|Any CPU
	EndGlobalSection
	GlobalSection(SolutionProperties) = preSolution
		HideSolutionNode = FALSE
	EndGlobalSection
	GlobalSection(ExtensibilityGlobals) = postSolution
		SolutionGuid = {1530DAD2-D309-4CA3-923B-FAC9A7893F60}
	EndGlobalSection
EndGlobal
